
Microsoft Visual Studio Solution File, Format Version 12.00
# Visual Studio 2013
VisualStudioVersion = 12.0.21005.1
MinimumVisualStudioVersion = 10.0.40219.1
Project("{FAE04EC0-301F-11D3-BF4B-00C04F79EFBC}") = "MyStats", "MyStats\MyStats.csproj", "{DA023C63-2E67-422D-839F-0CF692114119}"
EndProject
Project("{FAE04EC0-301F-11D3-BF4B-00C04F79EFBC}") = "ClientCoreLibrary", "ClientCoreLibrary\ClientCoreLibrary.csproj", "{BD91086D-0496-45A3-BB79-934D7ADAA75D}"
EndProject
Global
	GlobalSection(SolutionConfigurationPlatforms) = preSolution
		Debug|Any CPU = Debug|Any CPU
		Debug|Mixed Platforms = Debug|Mixed Platforms
		Debug|x86 = Debug|x86
		Release|Any CPU = Release|Any CPU
		Release|Mixed Platforms = Release|Mixed Platforms
		Release|x86 = Release|x86
	EndGlobalSection
	GlobalSection(ProjectConfigurationPlatforms) = postSolution
		{DA023C63-2E67-422D-839F-0CF692114119}.Debug|Any CPU.ActiveCfg = Debug|x86
		{DA023C63-2E67-422D-839F-0CF692114119}.Debug|Mixed Platforms.ActiveCfg = Debug|x86
		{DA023C63-2E67-422D-839F-0CF692114119}.Debug|Mixed Platforms.Build.0 = Debug|x86
		{DA023C63-2E67-422D-839F-0CF692114119}.Debug|x86.ActiveCfg = Debug|x86
		{DA023C63-2E67-422D-839F-0CF692114119}.Debug|x86.Build.0 = Debug|x86
		{DA023C63-2E67-422D-839F-0CF692114119}.Release|Any CPU.ActiveCfg = Release|x86
		{DA023C63-2E67-422D-839F-0CF692114119}.Release|Mixed Platforms.ActiveCfg = Release|x86
		{DA023C63-2E67-422D-839F-0CF692114119}.Release|Mixed Platforms.Build.0 = Release|x86
		{DA023C63-2E67-422D-839F-0CF692114119}.Release|x86.ActiveCfg = Release|x86
		{DA023C63-2E67-422D-839F-0CF692114119}.Release|x86.Build.0 = Release|x86
		{BD91086D-0496-45A3-BB79-934D7ADAA75D}.Debug|Any CPU.ActiveCfg = Debug|Any CPU
		{BD91086D-0496-45A3-BB79-934D7ADAA75D}.Debug|Any CPU.Build.0 = Debug|Any CPU
		{BD91086D-0496-45A3-BB79-934D7ADAA75D}.Debug|Mixed Platforms.ActiveCfg = Debug|Any CPU
		{BD91086D-0496-45A3-BB79-934D7ADAA75D}.Debug|Mixed Platforms.Build.0 = Debug|Any CPU
		{BD91086D-0496-45A3-BB79-934D7ADAA75D}.Debug|x86.ActiveCfg = Debug|Any CPU
		{BD91086D-0496-45A3-BB79-934D7ADAA75D}.Release|Any CPU.ActiveCfg = Release|Any CPU
		{BD91086D-0496-45A3-BB79-934D7ADAA75D}.Release|Any CPU.Build.0 = Release|Any CPU
		{BD91086D-0496-45A3-BB79-934D7ADAA75D}.Release|Mixed Platforms.ActiveCfg = Release|Any CPU
		{BD91086D-0496-45A3-BB79-934D7ADAA75D}.Release|Mixed Platforms.Build.0 = Release|Any CPU
		{BD91086D-0496-45A3-BB79-934D7ADAA75D}.Release|x86.ActiveCfg = Release|Any CPU
	EndGlobalSection
	GlobalSection(SolutionProperties) = preSolution
		HideSolutionNode = FALSE
	EndGlobalSection
EndGlobal
